
Microsoft Visual Studio Solution File, Format Version 12.00
# Visual Studio Version 17
VisualStudioVersion = 17.9.34607.119
MinimumVisualStudioVersion = 10.0.40219.1
Project("{FAE04EC0-301F-11D3-BF4B-00C04F79EFBC}") = "GuineaPigCare.Server", "GuineaPigCare.Server\GuineaPigCare.Server.csproj", "{C71D829F-790F-41FC-A1D2-8FFFC68F1F58}"
EndProject
Project("{54A90642-561A-4BB1-A94E-469ADEE60C69}") = "guineapigcare.client", "guineapigcare.client\guineapigcare.client.esproj", "{952954D4-106B-4F9E-9679-F986BD36FC77}"
EndProject
Global
	GlobalSection(SolutionConfigurationPlatforms) = preSolution
		Debug|Any CPU = Debug|Any CPU
		Release|Any CPU = Release|Any CPU
	EndGlobalSection
	GlobalSection(ProjectConfigurationPlatforms) = postSolution
		{C71D829F-790F-41FC-A1D2-8FFFC68F1F58}.Debug|Any CPU.ActiveCfg = Debug|Any CPU
		{C71D829F-790F-41FC-A1D2-8FFFC68F1F58}.Debug|Any CPU.Build.0 = Debug|Any CPU
		{C71D829F-790F-41FC-A1D2-8FFFC68F1F58}.Release|Any CPU.ActiveCfg = Release|Any CPU
		{C71D829F-790F-41FC-A1D2-8FFFC68F1F58}.Release|Any CPU.Build.0 = Release|Any CPU
		{952954D4-106B-4F9E-9679-F986BD36FC77}.Debug|Any CPU.ActiveCfg = Debug|Any CPU
		{952954D4-106B-4F9E-9679-F986BD36FC77}.Debug|Any CPU.Build.0 = Debug|Any CPU
		{952954D4-106B-4F9E-9679-F986BD36FC77}.Debug|Any CPU.Deploy.0 = Debug|Any CPU
		{952954D4-106B-4F9E-9679-F986BD36FC77}.Release|Any CPU.ActiveCfg = Release|Any CPU
		{952954D4-106B-4F9E-9679-F986BD36FC77}.Release|Any CPU.Build.0 = Release|Any CPU
		{952954D4-106B-4F9E-9679-F986BD36FC77}.Release|Any CPU.Deploy.0 = Release|Any CPU
	EndGlobalSection
	GlobalSection(SolutionProperties) = preSolution
		HideSolutionNode = FALSE
	EndGlobalSection
	GlobalSection(ExtensibilityGlobals) = postSolution
		SolutionGuid = {20912F67-6AE8-4ABE-8747-D21EF595DB1D}
	EndGlobalSection
EndGlobal
